
Microsoft Visual Studio Solution File, Format Version 12.00
# Visual Studio Version 17
VisualStudioVersion = 17.1.32319.34
MinimumVisualStudioVersion = 10.0.40219.1
Project("{F184B08F-C81C-45F6-A57F-5ABD9991F28F}") = "Desktop Widgets", "Desktop Widgets\Desktop Widgets.vbproj", "{F638E348-0D47-403B-854C-E9EEF82A6B16}"
EndProject
Global
	GlobalSection(SolutionConfigurationPlatforms) = preSolution
		Debug|Any CPU = Debug|Any CPU
		Release|Any CPU = Release|Any CPU
	EndGlobalSection
	GlobalSection(ProjectConfigurationPlatforms) = postSolution
		{F638E348-0D47-403B-854C-E9EEF82A6B16}.Debug|Any CPU.ActiveCfg = Debug|Any CPU
		{F638E348-0D47-403B-854C-E9EEF82A6B16}.Debug|Any CPU.Build.0 = Debug|Any CPU
		{F638E348-0D47-403B-854C-E9EEF82A6B16}.Release|Any CPU.ActiveCfg = Release|Any CPU
		{F638E348-0D47-403B-854C-E9EEF82A6B16}.Release|Any CPU.Build.0 = Release|Any CPU
	EndGlobalSection
	GlobalSection(SolutionProperties) = preSolution
		HideSolutionNode = FALSE
	EndGlobalSection
	GlobalSection(ExtensibilityGlobals) = postSolution
		SolutionGuid = {089164B1-1B77-4042-9AA4-AAA3E3C267C1}
	EndGlobalSection
EndGlobal
